
Microsoft Visual Studio Solution File, Format Version 12.00
# Visual Studio Version 17
VisualStudioVersion = 17.8.34330.188
MinimumVisualStudioVersion = 10.0.40219.1
Project("{9A19103F-16F7-4668-BE54-9A1E7A4F7556}") = "BonVoyage_TravelAgency", "BonVoyage_TravelAgency\BonVoyage_TravelAgency.csproj", "{2CB617B9-19C4-47AA-92C2-0C24D52A0A03}"
EndProject
Project("{9A19103F-16F7-4668-BE54-9A1E7A4F7556}") = "BonVoyage.DAL", "BonVoyage.DAL\BonVoyage.DAL.csproj", "{BE4C2492-FE39-43EB-9CD1-5A1A231FF122}"
EndProject
Project("{9A19103F-16F7-4668-BE54-9A1E7A4F7556}") = "BonVoyage.BLL", "BonVoyage.BLL\BonVoyage.BLL.csproj", "{CD68C435-08E6-4E9F-8B68-8F500506CE1F}"
EndProject
Project("{FAE04EC0-301F-11D3-BF4B-00C04F79EFBC}") = "BonVoyage_WebAPI", "BonVoyage_WebAPI\BonVoyage_WebAPI.csproj", "{7B64A741-047F-4230-B715-D1B687262F4C}"
EndProject
Global
	GlobalSection(SolutionConfigurationPlatforms) = preSolution
		Debug|Any CPU = Debug|Any CPU
		Release|Any CPU = Release|Any CPU
	EndGlobalSection
	GlobalSection(ProjectConfigurationPlatforms) = postSolution
		{2CB617B9-19C4-47AA-92C2-0C24D52A0A03}.Debug|Any CPU.ActiveCfg = Debug|Any CPU
		{2CB617B9-19C4-47AA-92C2-0C24D52A0A03}.Debug|Any CPU.Build.0 = Debug|Any CPU
		{2CB617B9-19C4-47AA-92C2-0C24D52A0A03}.Release|Any CPU.ActiveCfg = Release|Any CPU
		{2CB617B9-19C4-47AA-92C2-0C24D52A0A03}.Release|Any CPU.Build.0 = Release|Any CPU
		{BE4C2492-FE39-43EB-9CD1-5A1A231FF122}.Debug|Any CPU.ActiveCfg = Debug|Any CPU
		{BE4C2492-FE39-43EB-9CD1-5A1A231FF122}.Debug|Any CPU.Build.0 = Debug|Any CPU
		{BE4C2492-FE39-43EB-9CD1-5A1A231FF122}.Release|Any CPU.ActiveCfg = Release|Any CPU
		{BE4C2492-FE39-43EB-9CD1-5A1A231FF122}.Release|Any CPU.Build.0 = Release|Any CPU
		{CD68C435-08E6-4E9F-8B68-8F500506CE1F}.Debug|Any CPU.ActiveCfg = Debug|Any CPU
		{CD68C435-08E6-4E9F-8B68-8F500506CE1F}.Debug|Any CPU.Build.0 = Debug|Any CPU
		{CD68C435-08E6-4E9F-8B68-8F500506CE1F}.Release|Any CPU.ActiveCfg = Release|Any CPU
		{CD68C435-08E6-4E9F-8B68-8F500506CE1F}.Release|Any CPU.Build.0 = Release|Any CPU
		{7B64A741-047F-4230-B715-D1B687262F4C}.Debug|Any CPU.ActiveCfg = Debug|Any CPU
		{7B64A741-047F-4230-B715-D1B687262F4C}.Debug|Any CPU.Build.0 = Debug|Any CPU
		{7B64A741-047F-4230-B715-D1B687262F4C}.Release|Any CPU.ActiveCfg = Release|Any CPU
		{7B64A741-047F-4230-B715-D1B687262F4C}.Release|Any CPU.Build.0 = Release|Any CPU
	EndGlobalSection
	GlobalSection(SolutionProperties) = preSolution
		HideSolutionNode = FALSE
	EndGlobalSection
	GlobalSection(ExtensibilityGlobals) = postSolution
		SolutionGuid = {BF58F287-ECD6-446B-B05A-8FC7BA328A4B}
	EndGlobalSection
EndGlobal
